{
  "nodes": {
    "home-manager": {
      "inputs": {
        "nixpkgs": [
          "nixpkgs"
        ]
      },
      "locked": {
        "lastModified": 1631573611,
        "narHash": "sha256-u2E/wstadWNcn6vOIoK1xY86QPOzzBZQfT1FbePfdaI=",
        "owner": "rycee",
        "repo": "home-manager",
        "rev": "7d9ba15214004c979d2c8733f8be12ce6502cf8a",
        "type": "github"
      },
      "original": {
        "owner": "rycee",
        "ref": "release-21.05",
        "repo": "home-manager",
        "type": "github"
      }
    },
    "nixpkgs": {
      "locked": {
        "lastModified": 1631640102,
        "narHash": "sha256-dIzt33sOhLrhVTLHAco+npQx/kAH9PNrhA6z3fbnsjo=",
        "owner": "nixos",
        "repo": "nixpkgs",
        "rev": "f7c79f29acf869fb8262aa22fa680a908e006f73",
        "type": "github"
      },
      "original": {
        "owner": "nixos",
        "ref": "release-21.05",
        "repo": "nixpkgs",
        "type": "github"
      }
    },
    "root": {
      "inputs": {
        "home-manager": "home-manager",
        "nixpkgs": "nixpkgs"
      }
    }
  },
  "root": "root",
  "version": 7
}
