{
  "nodes": {
    "aquamarine": {
      "inputs": {
        "hyprutils": [
          "hyprland",
          "hyprutils"
        ],
        "hyprwayland-scanner": [
          "hyprland",
          "hyprwayland-scanner"
        ],
        "nixpkgs": [
          "hyprland",
          "nixpkgs"
        ],
        "systems": [
          "hyprland",
          "systems"
        ]
      },
      "locked": {
        "lastModified": 1726665257,
        "narHash": "sha256-rEzEZtd3iyVo5RJ1OGujOlnywNf3gsrOnjAn1NLciD4=",
        "owner": "hyprwm",
        "repo": "aquamarine",
        "rev": "752d0fbd141fabb5a1e7f865199b80e6e76f8d8e",
        "type": "github"
      },
      "original": {
        "owner": "hyprwm",
        "repo": "aquamarine",
        "type": "github"
      }
    },
    "evaldb": {
      "flake": false,
      "locked": {
        "lastModified": 1618777341,
        "narHash": "sha256-QdvfME9ULyXOUsCoH1zPOQV621ew057o0Mx1/pVqxt4=",
        "owner": "turbio",
        "repo": "evaldb",
        "rev": "9d4aa5336b92f2957027e88cbb84db055e83cd29",
        "type": "github"
      },
      "original": {
        "owner": "turbio",
        "repo": "evaldb",
        "type": "github"
      }
    },
    "flippyflops": {
      "flake": false,
      "locked": {
        "lastModified": 1723759038,
        "narHash": "sha256-Cw5Vh4xrdF+ftaqDsmtcqaaLVsUS3CwmuFrZYUow57s=",
        "owner": "turbio",
        "repo": "flippyflops",
        "rev": "f57bdddf76ff926b9a81b5d64b45570e9a79e7fc",
        "type": "github"
      },
      "original": {
        "owner": "turbio",
        "repo": "flippyflops",
        "type": "github"
      }
    },
    "github-copilot-vim": {
      "flake": false,
      "locked": {
        "lastModified": 1724958007,
        "narHash": "sha256-LDUVqwTEldeuxyoP4FnjtGdMNcnI3sdDIDdEeNXXETg=",
        "owner": "github",
        "repo": "copilot.vim",
        "rev": "782461159655b259cff10ecff05efa761e3d4764",
        "type": "github"
      },
      "original": {
        "owner": "github",
        "repo": "copilot.vim",
        "type": "github"
      }
    },
    "home-manager": {
      "inputs": {
        "nixpkgs": [
          "nixpkgs"
        ]
      },
      "locked": {
        "lastModified": 1719827415,
        "narHash": "sha256-pvh+1hStXXAZf0sZ1xIJbWGx4u+OGBC1rVx6Wsw0fBw=",
        "owner": "rycee",
        "repo": "home-manager",
        "rev": "f2e3c19867262dbe84fdfab42467fc8dd83a2005",
        "type": "github"
      },
      "original": {
        "owner": "rycee",
        "ref": "release-23.11",
        "repo": "home-manager",
        "type": "github"
      }
    },
    "hyprcursor": {
      "inputs": {
        "hyprlang": [
          "hyprland",
          "hyprlang"
        ],
        "nixpkgs": [
          "hyprland",
          "nixpkgs"
        ],
        "systems": [
          "hyprland",
          "systems"
        ]
      },
      "locked": {
        "lastModified": 1722623071,
        "narHash": "sha256-sLADpVgebpCBFXkA1FlCXtvEPu1tdEsTfqK1hfeHySE=",
        "owner": "hyprwm",
        "repo": "hyprcursor",
        "rev": "912d56025f03d41b1ad29510c423757b4379eb1c",
        "type": "github"
      },
      "original": {
        "owner": "hyprwm",
        "repo": "hyprcursor",
        "type": "github"
      }
    },
    "hyprland": {
      "inputs": {
        "aquamarine": "aquamarine",
        "hyprcursor": "hyprcursor",
        "hyprland-protocols": "hyprland-protocols",
        "hyprlang": "hyprlang",
        "hyprutils": "hyprutils",
        "hyprwayland-scanner": "hyprwayland-scanner",
        "nixpkgs": [
          "unstable"
        ],
        "systems": "systems",
        "xdph": "xdph"
      },
      "locked": {
        "lastModified": 1727386473,
        "narHash": "sha256-JglID7Nfov0262sWAPerw/meYh8VUNVnANXz4cbInjk=",
        "owner": "vaxerski",
        "repo": "Hyprland",
        "rev": "e20aef7d53fcde1470e8d7672e6a03d814fca97f",
        "type": "github"
      },
      "original": {
        "owner": "vaxerski",
        "repo": "Hyprland",
        "type": "github"
      }
    },
    "hyprland-protocols": {
      "inputs": {
        "nixpkgs": [
          "hyprland",
          "nixpkgs"
        ],
        "systems": [
          "hyprland",
          "systems"
        ]
      },
      "locked": {
        "lastModified": 1721326555,
        "narHash": "sha256-zCu4R0CSHEactW9JqYki26gy8h9f6rHmSwj4XJmlHgg=",
        "owner": "hyprwm",
        "repo": "hyprland-protocols",
        "rev": "5a11232266bf1a1f5952d5b179c3f4b2facaaa84",
        "type": "github"
      },
      "original": {
        "owner": "hyprwm",
        "repo": "hyprland-protocols",
        "type": "github"
      }
    },
    "hyprland-protocols_2": {
      "inputs": {
        "nixpkgs": [
          "hyprland",
          "xdph",
          "nixpkgs"
        ],
        "systems": [
          "hyprland",
          "xdph",
          "systems"
        ]
      },
      "locked": {
        "lastModified": 1721326555,
        "narHash": "sha256-zCu4R0CSHEactW9JqYki26gy8h9f6rHmSwj4XJmlHgg=",
        "owner": "hyprwm",
        "repo": "hyprland-protocols",
        "rev": "5a11232266bf1a1f5952d5b179c3f4b2facaaa84",
        "type": "github"
      },
      "original": {
        "owner": "hyprwm",
        "repo": "hyprland-protocols",
        "type": "github"
      }
    },
    "hyprlang": {
      "inputs": {
        "hyprutils": [
          "hyprland",
          "hyprutils"
        ],
        "nixpkgs": [
          "hyprland",
          "nixpkgs"
        ],
        "systems": [
          "hyprland",
          "systems"
        ]
      },
      "locked": {
        "lastModified": 1725997860,
        "narHash": "sha256-d/rZ/fHR5l1n7PeyLw0StWMNLXVU9c4HFyfskw568so=",
        "owner": "hyprwm",
        "repo": "hyprlang",
        "rev": "dfeb5811dd6485490cce18d6cc1e38a055eea876",
        "type": "github"
      },
      "original": {
        "owner": "hyprwm",
        "repo": "hyprlang",
        "type": "github"
      }
    },
    "hyprutils": {
      "inputs": {
        "nixpkgs": [
          "hyprland",
          "nixpkgs"
        ],
        "systems": [
          "hyprland",
          "systems"
        ]
      },
      "locked": {
        "lastModified": 1727219120,
        "narHash": "sha256-wmT+JpnDk6EjgASU2VGfS0nnu6oKA4Cw25o5fzpDD/Q=",
        "owner": "hyprwm",
        "repo": "hyprutils",
        "rev": "db956287d3aa194dda91d05c8eb286de2a569edf",
        "type": "github"
      },
      "original": {
        "owner": "hyprwm",
        "repo": "hyprutils",
        "type": "github"
      }
    },
    "hyprwayland-scanner": {
      "inputs": {
        "nixpkgs": [
          "hyprland",
          "nixpkgs"
        ],
        "systems": [
          "hyprland",
          "systems"
        ]
      },
      "locked": {
        "lastModified": 1726840673,
        "narHash": "sha256-HIPEXyRRVZoqD6U+lFS1B0tsIU7p83FaB9m7KT/x6mQ=",
        "owner": "hyprwm",
        "repo": "hyprwayland-scanner",
        "rev": "b68dab23fc922eae99306988133ee80a40b39ca5",
        "type": "github"
      },
      "original": {
        "owner": "hyprwm",
        "repo": "hyprwayland-scanner",
        "type": "github"
      }
    },
    "livewallpaper": {
      "flake": false,
      "locked": {
        "lastModified": 1626580631,
        "narHash": "sha256-w2NEMptcGKGLxnCbr4lu/gj04PmDgsvqjXuX9f56owY=",
        "owner": "turbio",
        "repo": "live_wallpaper",
        "rev": "d94aed3408d06061abaf9edfd2da58c2055b58b8",
        "type": "github"
      },
      "original": {
        "owner": "turbio",
        "ref": "nixfix",
        "repo": "live_wallpaper",
        "type": "github"
      }
    },
    "muble-vim": {
      "flake": false,
      "locked": {
        "lastModified": 1522792895,
        "narHash": "sha256-vONwzRWaBJixBXJpW7r1hQSEU9+qN/PGf7xFp01CcOU=",
        "owner": "turbio",
        "repo": "muble.vim",
        "rev": "d422b0c4ca041cd52a0a0a59ef5b35d83b7b9b7f",
        "type": "github"
      },
      "original": {
        "owner": "turbio",
        "repo": "muble.vim",
        "type": "github"
      }
    },
    "nixpkgs": {
      "locked": {
        "lastModified": 1720535198,
        "narHash": "sha256-zwVvxrdIzralnSbcpghA92tWu2DV2lwv89xZc8MTrbg=",
        "owner": "nixos",
        "repo": "nixpkgs",
        "rev": "205fd4226592cc83fd4c0885a3e4c9c400efabb5",
        "type": "github"
      },
      "original": {
        "owner": "nixos",
        "ref": "nixos-23.11",
        "repo": "nixpkgs",
        "type": "github"
      }
    },
    "openscad-vim": {
      "flake": false,
      "locked": {
        "lastModified": 1658845925,
        "narHash": "sha256-lzLHlf5ELodySd7FSMAxKnuTSaK2HmifzkBtX9K/BuU=",
        "owner": "sirtaj",
        "repo": "vim-openscad",
        "rev": "11ed125209e2277d439cf6d0340c6fca263cb09b",
        "type": "github"
      },
      "original": {
        "owner": "sirtaj",
        "repo": "vim-openscad",
        "type": "github"
      }
    },
    "root": {
      "inputs": {
        "evaldb": "evaldb",
        "flippyflops": "flippyflops",
        "github-copilot-vim": "github-copilot-vim",
        "home-manager": "home-manager",
        "hyprland": "hyprland",
        "livewallpaper": "livewallpaper",
        "muble-vim": "muble-vim",
        "nixpkgs": "nixpkgs",
        "openscad-vim": "openscad-vim",
        "schemeclub": "schemeclub",
        "unstable": "unstable",
        "zsh-history-substring-search": "zsh-history-substring-search",
        "zsh-syntax-highlighting": "zsh-syntax-highlighting"
      }
    },
    "schemeclub": {
      "flake": false,
      "locked": {
        "lastModified": 1626606216,
        "narHash": "sha256-7w2bSuLctaidpfnPCHrZcPypJpYomrBQkrLsVy+oo8U=",
        "owner": "turbio",
        "repo": "schemeclub",
        "rev": "3f2c5f3f7262137bddf5c79ed1e96d30e05c9f7e",
        "type": "github"
      },
      "original": {
        "owner": "turbio",
        "ref": "nix",
        "repo": "schemeclub",
        "type": "github"
      }
    },
    "systems": {
      "locked": {
        "lastModified": 1689347949,
        "narHash": "sha256-12tWmuL2zgBgZkdoB6qXZsgJEH9LR3oUgpaQq2RbI80=",
        "owner": "nix-systems",
        "repo": "default-linux",
        "rev": "31732fcf5e8fea42e59c2488ad31a0e651500f68",
        "type": "github"
      },
      "original": {
        "owner": "nix-systems",
        "repo": "default-linux",
        "type": "github"
      }
    },
    "unstable": {
      "locked": {
        "lastModified": 1727403608,
        "narHash": "sha256-Y3FSfWBfSYDdYXBaNTWvJhhPr6tmkvxNn49kZJMNWjo=",
        "owner": "nixos",
        "repo": "nixpkgs",
        "rev": "716f0a73276df0d23ea87245708a6758b8fe755b",
        "type": "github"
      },
      "original": {
        "owner": "nixos",
        "ref": "master",
        "repo": "nixpkgs",
        "type": "github"
      }
    },
    "xdph": {
      "inputs": {
        "hyprland-protocols": "hyprland-protocols_2",
        "hyprlang": [
          "hyprland",
          "hyprlang"
        ],
        "hyprutils": [
          "hyprland",
          "hyprutils"
        ],
        "hyprwayland-scanner": [
          "hyprland",
          "hyprwayland-scanner"
        ],
        "nixpkgs": [
          "hyprland",
          "nixpkgs"
        ],
        "systems": [
          "hyprland",
          "systems"
        ]
      },
      "locked": {
        "lastModified": 1727109343,
        "narHash": "sha256-1PFckA8Im7wMSl26okwOKqBZeCFLD3LvZZFaxswDhbY=",
        "owner": "hyprwm",
        "repo": "xdg-desktop-portal-hyprland",
        "rev": "4adb6c4c41ee5014bfe608123bfeddb26e5f5cea",
        "type": "github"
      },
      "original": {
        "owner": "hyprwm",
        "repo": "xdg-desktop-portal-hyprland",
        "type": "github"
      }
    },
    "zsh-history-substring-search": {
      "flake": false,
      "locked": {
        "lastModified": 1717563893,
        "narHash": "sha256-1+w0AeVJtu1EK5iNVwk3loenFuIyVlQmlw8TWliHZGI=",
        "owner": "zsh-users",
        "repo": "zsh-history-substring-search",
        "rev": "87ce96b1862928d84b1afe7c173316614b30e301",
        "type": "github"
      },
      "original": {
        "owner": "zsh-users",
        "repo": "zsh-history-substring-search",
        "type": "github"
      }
    },
    "zsh-syntax-highlighting": {
      "flake": false,
      "locked": {
        "lastModified": 1704566212,
        "narHash": "sha256-4rW2N+ankAH4sA6Sa5mr9IKsdAg7WTgrmyqJ2V1vygQ=",
        "owner": "zsh-users",
        "repo": "zsh-syntax-highlighting",
        "rev": "e0165eaa730dd0fa321a6a6de74f092fe87630b0",
        "type": "github"
      },
      "original": {
        "owner": "zsh-users",
        "repo": "zsh-syntax-highlighting",
        "type": "github"
      }
    }
  },
  "root": "root",
  "version": 7
}
